
Microsoft Visual Studio Solution File, Format Version 12.00
# Visual Studio Version 17
VisualStudioVersion = 17.7.33808.371
MinimumVisualStudioVersion = 10.0.40219.1
Project("{FAE04EC0-301F-11D3-BF4B-00C04F79EFBC}") = "rt_podcast", "rt_podcast\rt_podcast.csproj", "{F4FB0601-38F9-4479-956E-B3363976C6A6}"
EndProject
Project("{9A19103F-16F7-4668-BE54-9A1E7A4F7556}") = "iPodcastSearch", "iPodcastSearch\iPodcastSearch.csproj", "{77AC2C80-6C7C-4B49-AB8E-FBD21DEA3454}"
EndProject
Global
	GlobalSection(SolutionConfigurationPlatforms) = preSolution
		Debug|Any CPU = Debug|Any CPU
		Debug|ARM = Debug|ARM
		Debug|x64 = Debug|x64
		Debug|x86 = Debug|x86
		Release|Any CPU = Release|Any CPU
		Release|ARM = Release|ARM
		Release|x64 = Release|x64
		Release|x86 = Release|x86
	EndGlobalSection
	GlobalSection(ProjectConfigurationPlatforms) = postSolution
		{F4FB0601-38F9-4479-956E-B3363976C6A6}.Debug|Any CPU.ActiveCfg = Debug|x64
		{F4FB0601-38F9-4479-956E-B3363976C6A6}.Debug|Any CPU.Build.0 = Debug|x64
		{F4FB0601-38F9-4479-956E-B3363976C6A6}.Debug|Any CPU.Deploy.0 = Debug|x64
		{F4FB0601-38F9-4479-956E-B3363976C6A6}.Debug|ARM.ActiveCfg = Debug|ARM
		{F4FB0601-38F9-4479-956E-B3363976C6A6}.Debug|ARM.Build.0 = Debug|ARM
		{F4FB0601-38F9-4479-956E-B3363976C6A6}.Debug|ARM.Deploy.0 = Debug|ARM
		{F4FB0601-38F9-4479-956E-B3363976C6A6}.Debug|x64.ActiveCfg = Debug|x64
		{F4FB0601-38F9-4479-956E-B3363976C6A6}.Debug|x64.Build.0 = Debug|x64
		{F4FB0601-38F9-4479-956E-B3363976C6A6}.Debug|x64.Deploy.0 = Debug|x64
		{F4FB0601-38F9-4479-956E-B3363976C6A6}.Debug|x86.ActiveCfg = Debug|x86
		{F4FB0601-38F9-4479-956E-B3363976C6A6}.Debug|x86.Build.0 = Debug|x86
		{F4FB0601-38F9-4479-956E-B3363976C6A6}.Debug|x86.Deploy.0 = Debug|x86
		{F4FB0601-38F9-4479-956E-B3363976C6A6}.Release|Any CPU.ActiveCfg = Release|x64
		{F4FB0601-38F9-4479-956E-B3363976C6A6}.Release|Any CPU.Build.0 = Release|x64
		{F4FB0601-38F9-4479-956E-B3363976C6A6}.Release|Any CPU.Deploy.0 = Release|x64
		{F4FB0601-38F9-4479-956E-B3363976C6A6}.Release|ARM.ActiveCfg = Release|ARM
		{F4FB0601-38F9-4479-956E-B3363976C6A6}.Release|ARM.Build.0 = Release|ARM
		{F4FB0601-38F9-4479-956E-B3363976C6A6}.Release|ARM.Deploy.0 = Release|ARM
		{F4FB0601-38F9-4479-956E-B3363976C6A6}.Release|x64.ActiveCfg = Release|x64
		{F4FB0601-38F9-4479-956E-B3363976C6A6}.Release|x64.Build.0 = Release|x64
		{F4FB0601-38F9-4479-956E-B3363976C6A6}.Release|x64.Deploy.0 = Release|x64
		{F4FB0601-38F9-4479-956E-B3363976C6A6}.Release|x86.ActiveCfg = Release|x86
		{F4FB0601-38F9-4479-956E-B3363976C6A6}.Release|x86.Build.0 = Release|x86
		{F4FB0601-38F9-4479-956E-B3363976C6A6}.Release|x86.Deploy.0 = Release|x86
		{77AC2C80-6C7C-4B49-AB8E-FBD21DEA3454}.Debug|Any CPU.ActiveCfg = Debug|Any CPU
		{77AC2C80-6C7C-4B49-AB8E-FBD21DEA3454}.Debug|Any CPU.Build.0 = Debug|Any CPU
		{77AC2C80-6C7C-4B49-AB8E-FBD21DEA3454}.Debug|ARM.ActiveCfg = Debug|Any CPU
		{77AC2C80-6C7C-4B49-AB8E-FBD21DEA3454}.Debug|ARM.Build.0 = Debug|Any CPU
		{77AC2C80-6C7C-4B49-AB8E-FBD21DEA3454}.Debug|x64.ActiveCfg = Debug|Any CPU
		{77AC2C80-6C7C-4B49-AB8E-FBD21DEA3454}.Debug|x64.Build.0 = Debug|Any CPU
		{77AC2C80-6C7C-4B49-AB8E-FBD21DEA3454}.Debug|x86.ActiveCfg = Debug|Any CPU
		{77AC2C80-6C7C-4B49-AB8E-FBD21DEA3454}.Debug|x86.Build.0 = Debug|Any CPU
		{77AC2C80-6C7C-4B49-AB8E-FBD21DEA3454}.Release|Any CPU.ActiveCfg = Release|Any CPU
		{77AC2C80-6C7C-4B49-AB8E-FBD21DEA3454}.Release|Any CPU.Build.0 = Release|Any CPU
		{77AC2C80-6C7C-4B49-AB8E-FBD21DEA3454}.Release|ARM.ActiveCfg = Release|Any CPU
		{77AC2C80-6C7C-4B49-AB8E-FBD21DEA3454}.Release|ARM.Build.0 = Release|Any CPU
		{77AC2C80-6C7C-4B49-AB8E-FBD21DEA3454}.Release|x64.ActiveCfg = Release|Any CPU
		{77AC2C80-6C7C-4B49-AB8E-FBD21DEA3454}.Release|x64.Build.0 = Release|Any CPU
		{77AC2C80-6C7C-4B49-AB8E-FBD21DEA3454}.Release|x86.ActiveCfg = Release|Any CPU
		{77AC2C80-6C7C-4B49-AB8E-FBD21DEA3454}.Release|x86.Build.0 = Release|Any CPU
	EndGlobalSection
	GlobalSection(SolutionProperties) = preSolution
		HideSolutionNode = FALSE
	EndGlobalSection
	GlobalSection(ExtensibilityGlobals) = postSolution
		SolutionGuid = {33AB5C97-2143-4D55-A2C2-7693067A7B27}
	EndGlobalSection
EndGlobal
